// !$*UTF8*$!
{
	archiveVersion = 1;
	classes = {
	};
	objectVersion = 56;
	objects = {

/* Begin PBXBuildFile section */
		67D085702E0561F1003712C2 /* main.swift in Sources */ = {isa = PBXBuildFile; fileRef = 67D0856F2E0561F1003712C2 /* main.swift */; };
		67D0857A2E056290003712C2 /* Question.swift in Sources */ = {isa = PBXBuildFile; fileRef = 67D085792E056290003712C2 /* Question.swift */; };
		67D0857C2E0562B8003712C2 /* QuizCategory.swift in Sources */ = {isa = PBXBuildFile; fileRef = 67D0857B2E0562B8003712C2 /* QuizCategory.swift */; };
		67D0857E2E0562CF003712C2 /* User.swift in Sources */ = {isa = PBXBuildFile; fileRef = 67D0857D2E0562CF003712C2 /* User.swift */; };
		67D085802E0562EC003712C2 /* QuizService.swift in Sources */ = {isa = PBXBuildFile; fileRef = 67D0857F2E0562EC003712C2 /* QuizService.swift */; };
		67D085822E056308003712C2 /* QuestionBank.swift in Sources */ = {isa = PBXBuildFile; fileRef = 67D085812E056308003712C2 /* QuestionBank.swift */; };
		67D085842E056323003712C2 /* InputValidator.swift in Sources */ = {isa = PBXBuildFile; fileRef = 67D085832E056323003712C2 /* InputValidator.swift */; };
/* End PBXBuildFile section */

/* Begin PBXCopyFilesBuildPhase section */
		67D0856A2E0561F1003712C2 /* CopyFiles */ = {
			isa = PBXCopyFilesBuildPhase;
			buildActionMask = 2147483647;
			dstPath = /usr/share/man/man1/;
			dstSubfolderSpec = 0;
			files = (
			);
			runOnlyForDeploymentPostprocessing = 1;
		};
/* End PBXCopyFilesBuildPhase section */

/* Begin PBXFileReference section */
		67D0856C2E0561F1003712C2 /* Quiz Master */ = {isa = PBXFileReference; explicitFileType = "compiled.mach-o.executable"; includeInIndex = 0; path = "Quiz Master"; sourceTree = BUILT_PRODUCTS_DIR; };
		67D0856F2E0561F1003712C2 /* main.swift */ = {isa = PBXFileReference; lastKnownFileType = sourcecode.swift; path = main.swift; sourceTree = "<group>"; };
		67D085792E056290003712C2 /* Question.swift */ = {isa = PBXFileReference; lastKnownFileType = sourcecode.swift; path = Question.swift; sourceTree = "<group>"; };
		67D0857B2E0562B8003712C2 /* QuizCategory.swift */ = {isa = PBXFileReference; lastKnownFileType = sourcecode.swift; path = QuizCategory.swift; sourceTree = "<group>"; };
		67D0857D2E0562CF003712C2 /* User.swift */ = {isa = PBXFileReference; lastKnownFileType = sourcecode.swift; path = User.swift; sourceTree = "<group>"; };
		67D0857F2E0562EC003712C2 /* QuizService.swift */ = {isa = PBXFileReference; lastKnownFileType = sourcecode.swift; path = QuizService.swift; sourceTree = "<group>"; };
		67D085812E056308003712C2 /* QuestionBank.swift */ = {isa = PBXFileReference; lastKnownFileType = sourcecode.swift; path = QuestionBank.swift; sourceTree = "<group>"; };
		67D085832E056323003712C2 /* InputValidator.swift */ = {isa = PBXFileReference; lastKnownFileType = sourcecode.swift; path = InputValidator.swift; sourceTree = "<group>"; };
/* End PBXFileReference section */

/* Begin PBXFrameworksBuildPhase section */
		67D085692E0561F1003712C2 /* Frameworks */ = {
			isa = PBXFrameworksBuildPhase;
			buildActionMask = 2147483647;
			files = (
			);
			runOnlyForDeploymentPostprocessing = 0;
		};
/* End PBXFrameworksBuildPhase section */

/* Begin PBXGroup section */
		67D085632E0561F1003712C2 = {
			isa = PBXGroup;
			children = (
				67D0856E2E0561F1003712C2 /* Quiz Master */,
				67D0856D2E0561F1003712C2 /* Products */,
			);
			sourceTree = "<group>";
		};
		67D0856D2E0561F1003712C2 /* Products */ = {
			isa = PBXGroup;
			children = (
				67D0856C2E0561F1003712C2 /* Quiz Master */,
			);
			name = Products;
			sourceTree = "<group>";
		};
		67D0856E2E0561F1003712C2 /* Quiz Master */ = {
			isa = PBXGroup;
			children = (
				67D085782E056262003712C2 /* Utilities */,
				67D085772E056225003712C2 /* Services */,
				67D085762E05620B003712C2 /* Models */,
				67D0856F2E0561F1003712C2 /* main.swift */,
			);
			path = "Quiz Master";
			sourceTree = "<group>";
		};
		67D085762E05620B003712C2 /* Models */ = {
			isa = PBXGroup;
			children = (
				67D085832E056323003712C2 /* InputValidator.swift */,
			);
			path = Models;
			sourceTree = "<group>";
		};
		67D085772E056225003712C2 /* Services */ = {
			isa = PBXGroup;
			children = (
				67D0857F2E0562EC003712C2 /* QuizService.swift */,
				67D085812E056308003712C2 /* QuestionBank.swift */,
			);
			path = Services;
			sourceTree = "<group>";
		};
		67D085782E056262003712C2 /* Utilities */ = {
			isa = PBXGroup;
			children = (
				67D085792E056290003712C2 /* Question.swift */,
				67D0857B2E0562B8003712C2 /* QuizCategory.swift */,
				67D0857D2E0562CF003712C2 /* User.swift */,
			);
			path = Utilities;
			sourceTree = "<group>";
		};
/* End PBXGroup section */

/* Begin PBXNativeTarget section */
		67D0856B2E0561F1003712C2 /* Quiz Master */ = {
			isa = PBXNativeTarget;
			buildConfigurationList = 67D085732E0561F1003712C2 /* Build configuration list for PBXNativeTarget "Quiz Master" */;
			buildPhases = (
				67D085682E0561F1003712C2 /* Sources */,
				67D085692E0561F1003712C2 /* Frameworks */,
				67D0856A2E0561F1003712C2 /* CopyFiles */,
			);
			buildRules = (
			);
			dependencies = (
			);
			name = "Quiz Master";
			productName = "Quiz Master";
			productReference = 67D0856C2E0561F1003712C2 /* Quiz Master */;
			productType = "com.apple.product-type.tool";
		};
/* End PBXNativeTarget section */

/* Begin PBXProject section */
		67D085642E0561F1003712C2 /* Project object */ = {
			isa = PBXProject;
			attributes = {
				BuildIndependentTargetsInParallel = 1;
				LastSwiftUpdateCheck = 1530;
				LastUpgradeCheck = 1530;
				TargetAttributes = {
					67D0856B2E0561F1003712C2 = {
						CreatedOnToolsVersion = 15.3;
					};
				};
			};
			buildConfigurationList = 67D085672E0561F1003712C2 /* Build configuration list for PBXProject "Quiz Master" */;
			compatibilityVersion = "Xcode 14.0";
			developmentRegion = en;
			hasScannedForEncodings = 0;
			knownRegions = (
				en,
				Base,
			);
			mainGroup = 67D085632E0561F1003712C2;
			productRefGroup = 67D0856D2E0561F1003712C2 /* Products */;
			projectDirPath = "";
			projectRoot = "";
			targets = (
				67D0856B2E0561F1003712C2 /* Quiz Master */,
			);
		};
/* End PBXProject section */

/* Begin PBXSourcesBuildPhase section */
		67D085682E0561F1003712C2 /* Sources */ = {
			isa = PBXSourcesBuildPhase;
			buildActionMask = 2147483647;
			files = (
				67D085802E0562EC003712C2 /* QuizService.swift in Sources */,
				67D0857E2E0562CF003712C2 /* User.swift in Sources */,
				67D085702E0561F1003712C2 /* main.swift in Sources */,
				67D0857A2E056290003712C2 /* Question.swift in Sources */,
				67D085842E056323003712C2 /* InputValidator.swift in Sources */,
				67D0857C2E0562B8003712C2 /* QuizCategory.swift in Sources */,
				67D085822E056308003712C2 /* QuestionBank.swift in Sources */,
			);
			runOnlyForDeploymentPostprocessing = 0;
		};
/* End PBXSourcesBuildPhase section */

/* Begin XCBuildConfiguration section */
		67D085712E0561F1003712C2 /* Debug */ = {
			isa = XCBuildConfiguration;
			buildSettings = {
				ALWAYS_SEARCH_USER_PATHS = NO;
				ASSETCATALOG_COMPILER_GENERATE_SWIFT_ASSET_SYMBOL_EXTENSIONS = YES;
				CLANG_ANALYZER_NONNULL = YES;
				CLANG_ANALYZER_NUMBER_OBJECT_CONVERSION = YES_AGGRESSIVE;
				CLANG_CXX_LANGUAGE_STANDARD = "gnu++20";
				CLANG_ENABLE_MODULES = YES;
				CLANG_ENABLE_OBJC_ARC = YES;
				CLANG_ENABLE_OBJC_WEAK = YES;
				CLANG_WARN_BLOCK_CAPTURE_AUTORELEASING = YES;
				CLANG_WARN_BOOL_CONVERSION = YES;
				CLANG_WARN_COMMA = YES;
				CLANG_WARN_CONSTANT_CONVERSION = YES;
				CLANG_WARN_DEPRECATED_OBJC_IMPLEMENTATIONS = YES;
				CLANG_WARN_DIRECT_OBJC_ISA_USAGE = YES_ERROR;
				CLANG_WARN_DOCUMENTATION_COMMENTS = YES;
				CLANG_WARN_EMPTY_BODY = YES;
				CLANG_WARN_ENUM_CONVERSION = YES;
				CLANG_WARN_INFINITE_RECURSION = YES;
				CLANG_WARN_INT_CONVERSION = YES;
				CLANG_WARN_NON_LITERAL_NULL_CONVERSION = YES;
				CLANG_WARN_OBJC_IMPLICIT_RETAIN_SELF = YES;
				CLANG_WARN_OBJC_LITERAL_CONVERSION = YES;
				CLANG_WARN_OBJC_ROOT_CLASS = YES_ERROR;
				CLANG_WARN_QUOTED_INCLUDE_IN_FRAMEWORK_HEADER = YES;
				CLANG_WARN_RANGE_LOOP_ANALYSIS = YES;
				CLANG_WARN_STRICT_PROTOTYPES = YES;
				CLANG_WARN_SUSPICIOUS_MOVE = YES;
				CLANG_WARN_UNGUARDED_AVAILABILITY = YES_AGGRESSIVE;
				CLANG_WARN_UNREACHABLE_CODE = YES;
				CLANG_WARN__DUPLICATE_METHOD_MATCH = YES;
				COPY_PHASE_STRIP = NO;
				DEBUG_INFORMATION_FORMAT = dwarf;
				ENABLE_STRICT_OBJC_MSGSEND = YES;
				ENABLE_TESTABILITY = YES;
				ENABLE_USER_SCRIPT_SANDBOXING = YES;
				GCC_C_LANGUAGE_STANDARD = gnu17;
				GCC_DYNAMIC_NO_PIC = NO;
				GCC_NO_COMMON_BLOCKS = YES;
				GCC_OPTIMIZATION_LEVEL = 0;
				GCC_PREPROCESSOR_DEFINITIONS = (
					"DEBUG=1",
					"$(inherited)",
				);
				GCC_WARN_64_TO_32_BIT_CONVERSION = YES;
				GCC_WARN_ABOUT_RETURN_TYPE = YES_ERROR;
				GCC_WARN_UNDECLARED_SELECTOR = YES;
				GCC_WARN_UNINITIALIZED_AUTOS = YES_AGGRESSIVE;
				GCC_WARN_UNUSED_FUNCTION = YES;
				GCC_WARN_UNUSED_VARIABLE = YES;
				LOCALIZATION_PREFERS_STRING_CATALOGS = YES;
				MACOSX_DEPLOYMENT_TARGET = 14.4;
				MTL_ENABLE_DEBUG_INFO = INCLUDE_SOURCE;
				MTL_FAST_MATH = YES;
				ONLY_ACTIVE_ARCH = YES;
				SDKROOT = macosx;
				SWIFT_ACTIVE_COMPILATION_CONDITIONS = "DEBUG $(inherited)";
				SWIFT_OPTIMIZATION_LEVEL = "-Onone";
			};
			name = Debug;
		};
		67D085722E0561F1003712C2 /* Release */ = {
			isa = XCBuildConfiguration;
			buildSettings = {
				ALWAYS_SEARCH_USER_PATHS = NO;
				ASSETCATALOG_COMPILER_GENERATE_SWIFT_ASSET_SYMBOL_EXTENSIONS = YES;
				CLANG_ANALYZER_NONNULL = YES;
				CLANG_ANALYZER_NUMBER_OBJECT_CONVERSION = YES_AGGRESSIVE;
				CLANG_CXX_LANGUAGE_STANDARD = "gnu++20";
				CLANG_ENABLE_MODULES = YES;
				CLANG_ENABLE_OBJC_ARC = YES;
				CLANG_ENABLE_OBJC_WEAK = YES;
				CLANG_WARN_BLOCK_CAPTURE_AUTORELEASING = YES;
				CLANG_WARN_BOOL_CONVERSION = YES;
				CLANG_WARN_COMMA = YES;
				CLANG_WARN_CONSTANT_CONVERSION = YES;
				CLANG_WARN_DEPRECATED_OBJC_IMPLEMENTATIONS = YES;
				CLANG_WARN_DIRECT_OBJC_ISA_USAGE = YES_ERROR;
				CLANG_WARN_DOCUMENTATION_COMMENTS = YES;
				CLANG_WARN_EMPTY_BODY = YES;
				CLANG_WARN_ENUM_CONVERSION = YES;
				CLANG_WARN_INFINITE_RECURSION = YES;
				CLANG_WARN_INT_CONVERSION = YES;
				CLANG_WARN_NON_LITERAL_NULL_CONVERSION = YES;
				CLANG_WARN_OBJC_IMPLICIT_RETAIN_SELF = YES;
				CLANG_WARN_OBJC_LITERAL_CONVERSION = YES;
				CLANG_WARN_OBJC_ROOT_CLASS = YES_ERROR;
				CLANG_WARN_QUOTED_INCLUDE_IN_FRAMEWORK_HEADER = YES;
				CLANG_WARN_RANGE_LOOP_ANALYSIS = YES;
				CLANG_WARN_STRICT_PROTOTYPES = YES;
				CLANG_WARN_SUSPICIOUS_MOVE = YES;
				CLANG_WARN_UNGUARDED_AVAILABILITY = YES_AGGRESSIVE;
				CLANG_WARN_UNREACHABLE_CODE = YES;
				CLANG_WARN__DUPLICATE_METHOD_MATCH = YES;
				COPY_PHASE_STRIP = NO;
				DEBUG_INFORMATION_FORMAT = "dwarf-with-dsym";
				ENABLE_NS_ASSERTIONS = NO;
				ENABLE_STRICT_OBJC_MSGSEND = YES;
				ENABLE_USER_SCRIPT_SANDBOXING = YES;
				GCC_C_LANGUAGE_STANDARD = gnu17;
				GCC_NO_COMMON_BLOCKS = YES;
				GCC_WARN_64_TO_32_BIT_CONVERSION = YES;
				GCC_WARN_ABOUT_RETURN_TYPE = YES_ERROR;
				GCC_WARN_UNDECLARED_SELECTOR = YES;
				GCC_WARN_UNINITIALIZED_AUTOS = YES_AGGRESSIVE;
				GCC_WARN_UNUSED_FUNCTION = YES;
				GCC_WARN_UNUSED_VARIABLE = YES;
				LOCALIZATION_PREFERS_STRING_CATALOGS = YES;
				MACOSX_DEPLOYMENT_TARGET = 14.4;
				MTL_ENABLE_DEBUG_INFO = NO;
				MTL_FAST_MATH = YES;
				SDKROOT = macosx;
				SWIFT_COMPILATION_MODE = wholemodule;
			};
			name = Release;
		};
		67D085742E0561F1003712C2 /* Debug */ = {
			isa = XCBuildConfiguration;
			buildSettings = {
				CODE_SIGN_STYLE = Automatic;
				PRODUCT_NAME = "$(TARGET_NAME)";
				SWIFT_VERSION = 5.0;
			};
			name = Debug;
		};
		67D085752E0561F1003712C2 /* Release */ = {
			isa = XCBuildConfiguration;
			buildSettings = {
				CODE_SIGN_STYLE = Automatic;
				PRODUCT_NAME = "$(TARGET_NAME)";
				SWIFT_VERSION = 5.0;
			};
			name = Release;
		};
/* End XCBuildConfiguration section */

/* Begin XCConfigurationList section */
		67D085672E0561F1003712C2 /* Build configuration list for PBXProject "Quiz Master" */ = {
			isa = XCConfigurationList;
			buildConfigurations = (
				67D085712E0561F1003712C2 /* Debug */,
				67D085722E0561F1003712C2 /* Release */,
			);
			defaultConfigurationIsVisible = 0;
			defaultConfigurationName = Release;
		};
		67D085732E0561F1003712C2 /* Build configuration list for PBXNativeTarget "Quiz Master" */ = {
			isa = XCConfigurationList;
			buildConfigurations = (
				67D085742E0561F1003712C2 /* Debug */,
				67D085752E0561F1003712C2 /* Release */,
			);
			defaultConfigurationIsVisible = 0;
			defaultConfigurationName = Release;
		};
/* End XCConfigurationList section */
	};
	rootObject = 67D085642E0561F1003712C2 /* Project object */;
}
